
Microsoft Visual Studio Solution File, Format Version 12.00
# Visual Studio Version 17
VisualStudioVersion = 17.9.34511.98
MinimumVisualStudioVersion = 10.0.40219.1
Project("{FAE04EC0-301F-11D3-BF4B-00C04F79EFBC}") = "DotNet8WebApi.FastEndpointExample", "DotNet8WebApi.FastEndpointExample\DotNet8WebApi.FastEndpointExample.csproj", "{B580B758-FE69-41B5-9B7C-8F5BAE17A87D}"
EndProject
Global
	GlobalSection(SolutionConfigurationPlatforms) = preSolution
		Debug|Any CPU = Debug|Any CPU
		Release|Any CPU = Release|Any CPU
	EndGlobalSection
	GlobalSection(ProjectConfigurationPlatforms) = postSolution
		{B580B758-FE69-41B5-9B7C-8F5BAE17A87D}.Debug|Any CPU.ActiveCfg = Debug|Any CPU
		{B580B758-FE69-41B5-9B7C-8F5BAE17A87D}.Debug|Any CPU.Build.0 = Debug|Any CPU
		{B580B758-FE69-41B5-9B7C-8F5BAE17A87D}.Release|Any CPU.ActiveCfg = Release|Any CPU
		{B580B758-FE69-41B5-9B7C-8F5BAE17A87D}.Release|Any CPU.Build.0 = Release|Any CPU
	EndGlobalSection
	GlobalSection(SolutionProperties) = preSolution
		HideSolutionNode = FALSE
	EndGlobalSection
	GlobalSection(ExtensibilityGlobals) = postSolution
		SolutionGuid = {604874C5-E83C-4EB4-BFF9-ECE21CBE2A6E}
	EndGlobalSection
EndGlobal
